Microsoft Visual Studio Solution File, Format Version 12.00
# Visual Studio Version 17
VisualStudioVersion = 17.5.2.0
MinimumVisualStudioVersion = 10.0.40219.1
Project("{FAE04EC0-301F-11D3-BF4B-00C04F79EFBC}") = "netapiapp", "netapiapp.csproj", "{DCEF2785-2446-5AF2-297C-E87E74396751}"
EndProject
Global
	GlobalSection(SolutionConfigurationPlatforms) = preSolution
		Debug|Any CPU = Debug|Any CPU
		Release|Any CPU = Release|Any CPU
	EndGlobalSection
	GlobalSection(ProjectConfigurationPlatforms) = postSolution
		{DCEF2785-2446-5AF2-297C-E87E74396751}.Debug|Any CPU.ActiveCfg = Debug|Any CPU
		{DCEF2785-2446-5AF2-297C-E87E74396751}.Debug|Any CPU.Build.0 = Debug|Any CPU
		{DCEF2785-2446-5AF2-297C-E87E74396751}.Release|Any CPU.ActiveCfg = Release|Any CPU
		{DCEF2785-2446-5AF2-297C-E87E74396751}.Release|Any CPU.Build.0 = Release|Any CPU
	EndGlobalSection
	GlobalSection(SolutionProperties) = preSolution
		HideSolutionNode = FALSE
	EndGlobalSection
	GlobalSection(ExtensibilityGlobals) = postSolution
		SolutionGuid = {3BA2008E-B1FE-4722-9236-829F6DE26C3D}
	EndGlobalSection
EndGlobal
